
Microsoft Visual Studio Solution File, Format Version 12.00
# Visual Studio Version 16
VisualStudioVersion = 16.0.30621.155
MinimumVisualStudioVersion = 10.0.40219.1
Project("{FAE04EC0-301F-11D3-BF4B-00C04F79EFBC}") = "ToDoList.UWP", "ToDoList.UWP\ToDoList.UWP.csproj", "{D0E4DDC4-07F9-468C-B511-B6D88763BC84}"
EndProject
Project("{FAE04EC0-301F-11D3-BF4B-00C04F79EFBC}") = "ToDoList.Android", "ToDoList.Android\ToDoList.Android.csproj", "{10CBFE5C-669E-414A-87C5-50D55E0D533E}"
EndProject
Project("{FAE04EC0-301F-11D3-BF4B-00C04F79EFBC}") = "ToDoList", "ToDoList\ToDoList.csproj", "{58E049AC-5A01-48A1-B204-A4BFDC7CE7E9}"
EndProject
Global
	GlobalSection(SolutionConfigurationPlatforms) = preSolution
		Debug|Any CPU = Debug|Any CPU
		Debug|ARM = Debug|ARM
		Debug|x64 = Debug|x64
		Debug|x86 = Debug|x86
		Release|Any CPU = Release|Any CPU
		Release|ARM = Release|ARM
		Release|x64 = Release|x64
		Release|x86 = Release|x86
	EndGlobalSection
	GlobalSection(ProjectConfigurationPlatforms) = postSolution
		{D0E4DDC4-07F9-468C-B511-B6D88763BC84}.Debug|Any CPU.ActiveCfg = Debug|x86
		{D0E4DDC4-07F9-468C-B511-B6D88763BC84}.Debug|Any CPU.Build.0 = Debug|x86
		{D0E4DDC4-07F9-468C-B511-B6D88763BC84}.Debug|Any CPU.Deploy.0 = Debug|x86
		{D0E4DDC4-07F9-468C-B511-B6D88763BC84}.Debug|ARM.ActiveCfg = Debug|ARM
		{D0E4DDC4-07F9-468C-B511-B6D88763BC84}.Debug|ARM.Build.0 = Debug|ARM
		{D0E4DDC4-07F9-468C-B511-B6D88763BC84}.Debug|ARM.Deploy.0 = Debug|ARM
		{D0E4DDC4-07F9-468C-B511-B6D88763BC84}.Debug|x64.ActiveCfg = Debug|x64
		{D0E4DDC4-07F9-468C-B511-B6D88763BC84}.Debug|x64.Build.0 = Debug|x64
		{D0E4DDC4-07F9-468C-B511-B6D88763BC84}.Debug|x64.Deploy.0 = Debug|x64
		{D0E4DDC4-07F9-468C-B511-B6D88763BC84}.Debug|x86.ActiveCfg = Debug|x86
		{D0E4DDC4-07F9-468C-B511-B6D88763BC84}.Debug|x86.Build.0 = Debug|x86
		{D0E4DDC4-07F9-468C-B511-B6D88763BC84}.Debug|x86.Deploy.0 = Debug|x86
		{D0E4DDC4-07F9-468C-B511-B6D88763BC84}.Release|Any CPU.ActiveCfg = Release|x86
		{D0E4DDC4-07F9-468C-B511-B6D88763BC84}.Release|Any CPU.Build.0 = Release|x86
		{D0E4DDC4-07F9-468C-B511-B6D88763BC84}.Release|Any CPU.Deploy.0 = Release|x86
		{D0E4DDC4-07F9-468C-B511-B6D88763BC84}.Release|ARM.ActiveCfg = Release|ARM
		{D0E4DDC4-07F9-468C-B511-B6D88763BC84}.Release|ARM.Build.0 = Release|ARM
		{D0E4DDC4-07F9-468C-B511-B6D88763BC84}.Release|ARM.Deploy.0 = Release|ARM
		{D0E4DDC4-07F9-468C-B511-B6D88763BC84}.Release|x64.ActiveCfg = Release|x64
		{D0E4DDC4-07F9-468C-B511-B6D88763BC84}.Release|x64.Build.0 = Release|x64
		{D0E4DDC4-07F9-468C-B511-B6D88763BC84}.Release|x64.Deploy.0 = Release|x64
		{D0E4DDC4-07F9-468C-B511-B6D88763BC84}.Release|x86.ActiveCfg = Release|x86
		{D0E4DDC4-07F9-468C-B511-B6D88763BC84}.Release|x86.Build.0 = Release|x86
		{D0E4DDC4-07F9-468C-B511-B6D88763BC84}.Release|x86.Deploy.0 = Release|x86
		{10CBFE5C-669E-414A-87C5-50D55E0D533E}.Debug|Any CPU.ActiveCfg = Debug|Any CPU
		{10CBFE5C-669E-414A-87C5-50D55E0D533E}.Debug|Any CPU.Build.0 = Debug|Any CPU
		{10CBFE5C-669E-414A-87C5-50D55E0D533E}.Debug|Any CPU.Deploy.0 = Debug|Any CPU
		{10CBFE5C-669E-414A-87C5-50D55E0D533E}.Debug|ARM.ActiveCfg = Debug|Any CPU
		{10CBFE5C-669E-414A-87C5-50D55E0D533E}.Debug|ARM.Build.0 = Debug|Any CPU
		{10CBFE5C-669E-414A-87C5-50D55E0D533E}.Debug|ARM.Deploy.0 = Debug|Any CPU
		{10CBFE5C-669E-414A-87C5-50D55E0D533E}.Debug|x64.ActiveCfg = Debug|Any CPU
		{10CBFE5C-669E-414A-87C5-50D55E0D533E}.Debug|x64.Build.0 = Debug|Any CPU
		{10CBFE5C-669E-414A-87C5-50D55E0D533E}.Debug|x64.Deploy.0 = Debug|Any CPU
		{10CBFE5C-669E-414A-87C5-50D55E0D533E}.Debug|x86.ActiveCfg = Debug|Any CPU
		{10CBFE5C-669E-414A-87C5-50D55E0D533E}.Debug|x86.Build.0 = Debug|Any CPU
		{10CBFE5C-669E-414A-87C5-50D55E0D533E}.Debug|x86.Deploy.0 = Debug|Any CPU
		{10CBFE5C-669E-414A-87C5-50D55E0D533E}.Release|Any CPU.ActiveCfg = Release|Any CPU
		{10CBFE5C-669E-414A-87C5-50D55E0D533E}.Release|Any CPU.Build.0 = Release|Any CPU
		{10CBFE5C-669E-414A-87C5-50D55E0D533E}.Release|Any CPU.Deploy.0 = Release|Any CPU
		{10CBFE5C-669E-414A-87C5-50D55E0D533E}.Release|ARM.ActiveCfg = Release|Any CPU
		{10CBFE5C-669E-414A-87C5-50D55E0D533E}.Release|ARM.Build.0 = Release|Any CPU
		{10CBFE5C-669E-414A-87C5-50D55E0D533E}.Release|ARM.Deploy.0 = Release|Any CPU
		{10CBFE5C-669E-414A-87C5-50D55E0D533E}.Release|x64.ActiveCfg = Release|Any CPU
		{10CBFE5C-669E-414A-87C5-50D55E0D533E}.Release|x64.Build.0 = Release|Any CPU
		{10CBFE5C-669E-414A-87C5-50D55E0D533E}.Release|x64.Deploy.0 = Release|Any CPU
		{10CBFE5C-669E-414A-87C5-50D55E0D533E}.Release|x86.ActiveCfg = Release|Any CPU
		{10CBFE5C-669E-414A-87C5-50D55E0D533E}.Release|x86.Build.0 = Release|Any CPU
		{10CBFE5C-669E-414A-87C5-50D55E0D533E}.Release|x86.Deploy.0 = Release|Any CPU
		{58E049AC-5A01-48A1-B204-A4BFDC7CE7E9}.Debug|Any CPU.ActiveCfg = Debug|Any CPU
		{58E049AC-5A01-48A1-B204-A4BFDC7CE7E9}.Debug|Any CPU.Build.0 = Debug|Any CPU
		{58E049AC-5A01-48A1-B204-A4BFDC7CE7E9}.Debug|Any CPU.Deploy.0 = Debug|Any CPU
		{58E049AC-5A01-48A1-B204-A4BFDC7CE7E9}.Debug|ARM.ActiveCfg = Debug|Any CPU
		{58E049AC-5A01-48A1-B204-A4BFDC7CE7E9}.Debug|ARM.Build.0 = Debug|Any CPU
		{58E049AC-5A01-48A1-B204-A4BFDC7CE7E9}.Debug|ARM.Deploy.0 = Debug|Any CPU
		{58E049AC-5A01-48A1-B204-A4BFDC7CE7E9}.Debug|x64.ActiveCfg = Debug|Any CPU
		{58E049AC-5A01-48A1-B204-A4BFDC7CE7E9}.Debug|x64.Build.0 = Debug|Any CPU
		{58E049AC-5A01-48A1-B204-A4BFDC7CE7E9}.Debug|x64.Deploy.0 = Debug|Any CPU
		{58E049AC-5A01-48A1-B204-A4BFDC7CE7E9}.Debug|x86.ActiveCfg = Debug|Any CPU
		{58E049AC-5A01-48A1-B204-A4BFDC7CE7E9}.Debug|x86.Build.0 = Debug|Any CPU
		{58E049AC-5A01-48A1-B204-A4BFDC7CE7E9}.Debug|x86.Deploy.0 = Debug|Any CPU
		{58E049AC-5A01-48A1-B204-A4BFDC7CE7E9}.Release|Any CPU.ActiveCfg = Release|Any CPU
		{58E049AC-5A01-48A1-B204-A4BFDC7CE7E9}.Release|Any CPU.Build.0 = Release|Any CPU
		{58E049AC-5A01-48A1-B204-A4BFDC7CE7E9}.Release|Any CPU.Deploy.0 = Release|Any CPU
		{58E049AC-5A01-48A1-B204-A4BFDC7CE7E9}.Release|ARM.ActiveCfg = Release|Any CPU
		{58E049AC-5A01-48A1-B204-A4BFDC7CE7E9}.Release|ARM.Build.0 = Release|Any CPU
		{58E049AC-5A01-48A1-B204-A4BFDC7CE7E9}.Release|ARM.Deploy.0 = Release|Any CPU
		{58E049AC-5A01-48A1-B204-A4BFDC7CE7E9}.Release|x64.ActiveCfg = Release|Any CPU
		{58E049AC-5A01-48A1-B204-A4BFDC7CE7E9}.Release|x64.Build.0 = Release|Any CPU
		{58E049AC-5A01-48A1-B204-A4BFDC7CE7E9}.Release|x64.Deploy.0 = Release|Any CPU
		{58E049AC-5A01-48A1-B204-A4BFDC7CE7E9}.Release|x86.ActiveCfg = Release|Any CPU
		{58E049AC-5A01-48A1-B204-A4BFDC7CE7E9}.Release|x86.Build.0 = Release|Any CPU
		{58E049AC-5A01-48A1-B204-A4BFDC7CE7E9}.Release|x86.Deploy.0 = Release|Any CPU
	EndGlobalSection
	GlobalSection(SolutionProperties) = preSolution
		HideSolutionNode = FALSE
	EndGlobalSection
	GlobalSection(ExtensibilityGlobals) = postSolution
		SolutionGuid = {F00E8587-3832-4C44-9317-42458536E3DA}
	EndGlobalSection
EndGlobal
